<?xml version="1.0" encoding="utf-8"?>
<Project ToolsVersion="4.0" xmlns="http://schemas.microsoft.com/developer/msbuild/2003">
  <ItemGroup>
    <Filter Include="소스 파일">
      <UniqueIdentifier>{4FC737F1-C7A5-4376-A066-2A32D752A2FF}</UniqueIdentifier>
      <Extensions>cpp;c;cc;cxx;c++;cppm;ixx;def;odl;idl;hpj;bat;asm;asmx</Extensions>
    </Filter>
    <Filter Include="헤더 파일">
      <UniqueIdentifier>{93995380-89BD-4b04-88EB-625FBE52EBFB}</UniqueIdentifier>
      <Extensions>h;hh;hpp;hxx;h++;hm;inl;inc;ipp;xsd</Extensions>
    </Filter>
    <Filter Include="리소스 파일">
      <UniqueIdentifier>{67DA6AB6-F800-4c08-8B7A-83BB121AAD01}</UniqueIdentifier>
      <Extensions>rc;ico;cur;bmp;dlg;rc2;rct;bin;rgs;gif;jpg;jpeg;jpe;resx;tiff;tif;png;wav;mfcribbon-ms</Extensions>
    </Filter>
    <Filter Include="소스 파일\permutation">
      <UniqueIdentifier>{db673d82-0ec0-48f6-9a48-c44e5c8f8abc}</UniqueIdentifier>
    </Filter>
    <Filter Include="소스 파일\recursion">
      <UniqueIdentifier>{c04f2450-3be4-4587-b1bd-95295f1dee23}</UniqueIdentifier>
    </Filter>
    <Filter Include="소스 파일\DP">
      <UniqueIdentifier>{47951638-2564-4247-8a3e-73c09545634d}</UniqueIdentifier>
    </Filter>
    <Filter Include="소스 파일\BFS">
      <UniqueIdentifier>{d67bb1c1-d78c-4c71-8257-aa3f8e82cf57}</UniqueIdentifier>
    </Filter>
  </ItemGroup>
  <ItemGroup>
    <ClCompile Include="algoTest.cpp">
      <Filter>소스 파일</Filter>
    </ClCompile>
    <ClCompile Include="boj15649.cpp">
      <Filter>소스 파일</Filter>
    </ClCompile>
    <ClCompile Include="boj15650.cpp">
      <Filter>소스 파일</Filter>
    </ClCompile>
    <ClCompile Include="boj15651.cpp">
      <Filter>소스 파일</Filter>
    </ClCompile>
    <ClCompile Include="boj15652.cpp">
      <Filter>소스 파일</Filter>
    </ClCompile>
    <ClCompile Include="boj15654.cpp">
      <Filter>소스 파일</Filter>
    </ClCompile>
    <ClCompile Include="boj15655.cpp">
      <Filter>소스 파일</Filter>
    </ClCompile>
    <ClCompile Include="boj10972.cpp">
      <Filter>소스 파일\permutation</Filter>
    </ClCompile>
    <ClCompile Include="boj10974.cpp">
      <Filter>소스 파일\permutation</Filter>
    </ClCompile>
    <ClCompile Include="boj10819.cpp">
      <Filter>소스 파일\permutation</Filter>
    </ClCompile>
    <ClCompile Include="boj9095_DP.cpp">
      <Filter>소스 파일\recursion</Filter>
    </ClCompile>
    <ClCompile Include="boj11726.cpp">
      <Filter>소스 파일\DP</Filter>
    </ClCompile>
    <ClCompile Include="boj1149.cpp">
      <Filter>소스 파일\DP</Filter>
    </ClCompile>
    <ClCompile Include="boj11055.cpp">
      <Filter>소스 파일\DP</Filter>
    </ClCompile>
    <ClCompile Include="boj1697.cpp">
      <Filter>소스 파일\BFS</Filter>
    </ClCompile>
    <ClCompile Include="source.cpp">
      <Filter>소스 파일</Filter>
    </ClCompile>
    <ClCompile Include="boj13913.cpp">
      <Filter>소스 파일\BFS</Filter>
    </ClCompile>
  </ItemGroup>
</Project>