<?xml version="1.0" encoding="utf-8"?>
<Project ToolsVersion="4.0" xmlns="http://schemas.microsoft.com/developer/msbuild/2003">
  <ItemGroup>
    <Filter Include="소스 파일">
      <UniqueIdentifier>{4FC737F1-C7A5-4376-A066-2A32D752A2FF}</UniqueIdentifier>
      <Extensions>cpp;c;cc;cxx;def;odl;idl;hpj;bat;asm;asmx</Extensions>
    </Filter>
    <Filter Include="헤더 파일">
      <UniqueIdentifier>{93995380-89BD-4b04-88EB-625FBE52EBFB}</UniqueIdentifier>
      <Extensions>h;hh;hpp;hxx;hm;inl;inc;ipp;xsd</Extensions>
    </Filter>
    <Filter Include="리소스 파일">
      <UniqueIdentifier>{67DA6AB6-F800-4c08-8B7A-83BB121AAD01}</UniqueIdentifier>
      <Extensions>rc;ico;cur;bmp;dlg;rc2;rct;bin;rgs;gif;jpg;jpeg;jpe;resx;tiff;tif;png;wav;mfcribbon-ms</Extensions>
    </Filter>
    <Filter Include="소스 파일\이분 탐색">
      <UniqueIdentifier>{243d9c2c-c8a2-4636-a2ee-547ffebc003b}</UniqueIdentifier>
    </Filter>
    <Filter Include="소스 파일\최소 스패닝 트리">
      <UniqueIdentifier>{b9c12be8-b402-43f6-a689-9f43536f551d}</UniqueIdentifier>
    </Filter>
    <Filter Include="소스 파일\다익스트라 알고리즘">
      <UniqueIdentifier>{c1a75349-f048-46a1-9b67-db1a3bae12a0}</UniqueIdentifier>
    </Filter>
    <Filter Include="소스 파일\위상 정렬">
      <UniqueIdentifier>{7e51ff95-72e1-462e-9877-33b97f64b3f1}</UniqueIdentifier>
    </Filter>
    <Filter Include="소스 파일\강한 연결 요소">
      <UniqueIdentifier>{6b37351e-c09b-41d5-8215-5cee1bc26087}</UniqueIdentifier>
    </Filter>
    <Filter Include="소스 파일\네트워크 플로우">
      <UniqueIdentifier>{302d7ecb-ef07-4410-b869-b99ee2f9f41a}</UniqueIdentifier>
    </Filter>
  </ItemGroup>
  <ItemGroup>
    <ClCompile Include="BOJ_10989_수 정렬하기 3.cpp">
      <Filter>소스 파일</Filter>
    </ClCompile>
    <ClCompile Include="BOJ_1427_정렬(문자열처리).cpp">
      <Filter>소스 파일</Filter>
    </ClCompile>
    <ClCompile Include="BOJ_1026번 보물_정렬.cpp">
      <Filter>소스 파일</Filter>
    </ClCompile>
    <ClCompile Include="BOJ1920_FindNumber.cpp">
      <Filter>소스 파일\이분 탐색</Filter>
    </ClCompile>
    <ClCompile Include="BOJ1654_랜선 자르기_200331.cpp">
      <Filter>소스 파일\이분 탐색</Filter>
    </ClCompile>
    <ClCompile Include="BOJ1300_K번째 수_200331.cpp">
      <Filter>소스 파일\이분 탐색</Filter>
    </ClCompile>
    <ClCompile Include="BOJ12015_가장 긴 증가하는 수열 2.cpp">
      <Filter>소스 파일\이분 탐색</Filter>
    </ClCompile>
    <ClCompile Include="BOJ2110_공유기설치 200403.cpp">
      <Filter>소스 파일\이분 탐색</Filter>
    </ClCompile>
    <ClCompile Include="BOJ10816 숫자카드 2.cpp">
      <Filter>소스 파일\이분 탐색</Filter>
    </ClCompile>
    <ClCompile Include="BOJ2869_달팽이는 올라가고싶다_200405.cpp">
      <Filter>소스 파일\이분 탐색</Filter>
    </ClCompile>
    <ClCompile Include="BOJ2512_예산_200406.cpp">
      <Filter>소스 파일\이분 탐색</Filter>
    </ClCompile>
    <ClCompile Include="BOJ3020_개똥벌레_200406.cpp">
      <Filter>소스 파일\이분 탐색</Filter>
    </ClCompile>
    <ClCompile Include="BOJ2805_나무 자르기_200407.cpp">
      <Filter>소스 파일\이분 탐색</Filter>
    </ClCompile>
    <ClCompile Include="BOJ1922_네트워크 연결_200408.cpp">
      <Filter>소스 파일\최소 스패닝 트리</Filter>
    </ClCompile>
    <ClCompile Include="BOJ1753_최단 경로_200410.cpp">
      <Filter>소스 파일\다익스트라 알고리즘</Filter>
    </ClCompile>
    <ClCompile Include="BOJ1916_최소비용 구하기_200412.cpp">
      <Filter>소스 파일\다익스트라 알고리즘</Filter>
    </ClCompile>
    <ClCompile Include="BOJ1261_알고스팟(미로찾기)_200413.cpp">
      <Filter>소스 파일\다익스트라 알고리즘</Filter>
    </ClCompile>
    <ClCompile Include="BOJ1238_파티_200414.cpp">
      <Filter>소스 파일\다익스트라 알고리즘</Filter>
    </ClCompile>
    <ClCompile Include="BOJ1504_특정한 최단 경로.cpp">
      <Filter>소스 파일\다익스트라 알고리즘</Filter>
    </ClCompile>
    <ClCompile Include="BOJ4485_젤다(도둑루피).cpp">
      <Filter>소스 파일\다익스트라 알고리즘</Filter>
    </ClCompile>
    <ClCompile Include="BOJ6593_상범 빌딩_200421.cpp">
      <Filter>소스 파일\다익스트라 알고리즘</Filter>
    </ClCompile>
    <ClCompile Include="BOJ2252_위상 정렬_줄 세우기_200422.cpp">
      <Filter>소스 파일\위상 정렬</Filter>
    </ClCompile>
    <ClCompile Include="BOJ1005_위상 정렬_ACMcraft_200423.cpp">
      <Filter>소스 파일\위상 정렬</Filter>
    </ClCompile>
    <ClCompile Include="BOJ1766_위상 정렬_문제집_200424.cpp">
      <Filter>소스 파일\위상 정렬</Filter>
    </ClCompile>
    <ClCompile Include="BOJ2150_강한 연결 요소_제곧내_200428.cpp">
      <Filter>소스 파일\강한 연결 요소</Filter>
    </ClCompile>
    <ClCompile Include="BOJ4196_강한 연결 요소_도미노.cpp">
      <Filter>소스 파일\강한 연결 요소</Filter>
    </ClCompile>
    <ClCompile Include="BOJ6497_최소 스패닝 트리+강한 연결 요소_전력난_200501.cpp">
      <Filter>소스 파일\최소 스패닝 트리</Filter>
    </ClCompile>
    <ClCompile Include="BOJ2188_네트워크 플로우_축사 배정_200505.cpp">
      <Filter>소스 파일\네트워크 플로우</Filter>
    </ClCompile>
  </ItemGroup>
</Project>