<?xml version="1.0" encoding="utf-8"?>
<Project ToolsVersion="4.0" xmlns="http://schemas.microsoft.com/developer/msbuild/2003">
  <ItemGroup>
    <Filter Include="소스 파일">
      <UniqueIdentifier>{4FC737F1-C7A5-4376-A066-2A32D752A2FF}</UniqueIdentifier>
      <Extensions>cpp;c;cc;cxx;def;odl;idl;hpj;bat;asm;asmx</Extensions>
    </Filter>
    <Filter Include="헤더 파일">
      <UniqueIdentifier>{93995380-89BD-4b04-88EB-625FBE52EBFB}</UniqueIdentifier>
      <Extensions>h;hh;hpp;hxx;hm;inl;inc;ipp;xsd</Extensions>
    </Filter>
    <Filter Include="리소스 파일">
      <UniqueIdentifier>{67DA6AB6-F800-4c08-8B7A-83BB121AAD01}</UniqueIdentifier>
      <Extensions>rc;ico;cur;bmp;dlg;rc2;rct;bin;rgs;gif;jpg;jpeg;jpe;resx;tiff;tif;png;wav;mfcribbon-ms</Extensions>
    </Filter>
    <Filter Include="소스 파일\이분 탐색">
      <UniqueIdentifier>{243d9c2c-c8a2-4636-a2ee-547ffebc003b}</UniqueIdentifier>
    </Filter>
    <Filter Include="소스 파일\최소 스패닝 트리">
      <UniqueIdentifier>{b9c12be8-b402-43f6-a689-9f43536f551d}</UniqueIdentifier>
    </Filter>
    <Filter Include="소스 파일\다익스트라 알고리즘">
      <UniqueIdentifier>{c1a75349-f048-46a1-9b67-db1a3bae12a0}</UniqueIdentifier>
    </Filter>
    <Filter Include="소스 파일\위상 정렬">
      <UniqueIdentifier>{7e51ff95-72e1-462e-9877-33b97f64b3f1}</UniqueIdentifier>
    </Filter>
    <Filter Include="소스 파일\강한 연결 요소">
      <UniqueIdentifier>{6b37351e-c09b-41d5-8215-5cee1bc26087}</UniqueIdentifier>
    </Filter>
    <Filter Include="소스 파일\네트워크 플로우">
      <UniqueIdentifier>{302d7ecb-ef07-4410-b869-b99ee2f9f41a}</UniqueIdentifier>
    </Filter>
    <Filter Include="소스 파일\네트워크 플로우\이분 매칭">
      <UniqueIdentifier>{fb3b6454-4291-427f-bcca-07dd8e22affb}</UniqueIdentifier>
    </Filter>
    <Filter Include="소스 파일\네트워크 플로우\네트워크 플로우">
      <UniqueIdentifier>{ddca5957-eb4e-405a-b9de-f7f9e35a0063}</UniqueIdentifier>
    </Filter>
    <Filter Include="소스 파일\문자열 처리">
      <UniqueIdentifier>{36a12242-5f87-45aa-9f3f-76ce9179bece}</UniqueIdentifier>
    </Filter>
    <Filter Include="소스 파일\문자열 처리\KMP">
      <UniqueIdentifier>{d78b4021-44e8-43c1-991a-86dc97179f3a}</UniqueIdentifier>
    </Filter>
    <Filter Include="소스 파일\비트마스크">
      <UniqueIdentifier>{8a807c50-099b-45f6-b3c5-41a824627721}</UniqueIdentifier>
    </Filter>
    <Filter Include="소스 파일\그리디%28DFS,BFS포함%29">
      <UniqueIdentifier>{a4aeca13-d099-40e3-b641-084868e3f9d6}</UniqueIdentifier>
    </Filter>
  </ItemGroup>
  <ItemGroup>
    <ClCompile Include="BOJ_10989_수 정렬하기 3.cpp">
      <Filter>소스 파일</Filter>
    </ClCompile>
    <ClCompile Include="BOJ_1427_정렬(문자열처리).cpp">
      <Filter>소스 파일</Filter>
    </ClCompile>
    <ClCompile Include="BOJ_1026번 보물_정렬.cpp">
      <Filter>소스 파일</Filter>
    </ClCompile>
    <ClCompile Include="BOJ1920_FindNumber.cpp">
      <Filter>소스 파일\이분 탐색</Filter>
    </ClCompile>
    <ClCompile Include="BOJ1654_랜선 자르기_200331.cpp">
      <Filter>소스 파일\이분 탐색</Filter>
    </ClCompile>
    <ClCompile Include="BOJ1300_K번째 수_200331.cpp">
      <Filter>소스 파일\이분 탐색</Filter>
    </ClCompile>
    <ClCompile Include="BOJ12015_가장 긴 증가하는 수열 2.cpp">
      <Filter>소스 파일\이분 탐색</Filter>
    </ClCompile>
    <ClCompile Include="BOJ2110_공유기설치 200403.cpp">
      <Filter>소스 파일\이분 탐색</Filter>
    </ClCompile>
    <ClCompile Include="BOJ10816 숫자카드 2.cpp">
      <Filter>소스 파일\이분 탐색</Filter>
    </ClCompile>
    <ClCompile Include="BOJ2869_달팽이는 올라가고싶다_200405.cpp">
      <Filter>소스 파일\이분 탐색</Filter>
    </ClCompile>
    <ClCompile Include="BOJ2512_예산_200406.cpp">
      <Filter>소스 파일\이분 탐색</Filter>
    </ClCompile>
    <ClCompile Include="BOJ3020_개똥벌레_200406.cpp">
      <Filter>소스 파일\이분 탐색</Filter>
    </ClCompile>
    <ClCompile Include="BOJ2805_나무 자르기_200407.cpp">
      <Filter>소스 파일\이분 탐색</Filter>
    </ClCompile>
    <ClCompile Include="BOJ1922_네트워크 연결_200408.cpp">
      <Filter>소스 파일\최소 스패닝 트리</Filter>
    </ClCompile>
    <ClCompile Include="BOJ1753_최단 경로_200410.cpp">
      <Filter>소스 파일\다익스트라 알고리즘</Filter>
    </ClCompile>
    <ClCompile Include="BOJ1916_최소비용 구하기_200412.cpp">
      <Filter>소스 파일\다익스트라 알고리즘</Filter>
    </ClCompile>
    <ClCompile Include="BOJ1261_알고스팟(미로찾기)_200413.cpp">
      <Filter>소스 파일\다익스트라 알고리즘</Filter>
    </ClCompile>
    <ClCompile Include="BOJ1238_파티_200414.cpp">
      <Filter>소스 파일\다익스트라 알고리즘</Filter>
    </ClCompile>
    <ClCompile Include="BOJ1504_특정한 최단 경로.cpp">
      <Filter>소스 파일\다익스트라 알고리즘</Filter>
    </ClCompile>
    <ClCompile Include="BOJ4485_젤다(도둑루피).cpp">
      <Filter>소스 파일\다익스트라 알고리즘</Filter>
    </ClCompile>
    <ClCompile Include="BOJ6593_상범 빌딩_200421.cpp">
      <Filter>소스 파일\다익스트라 알고리즘</Filter>
    </ClCompile>
    <ClCompile Include="BOJ2252_위상 정렬_줄 세우기_200422.cpp">
      <Filter>소스 파일\위상 정렬</Filter>
    </ClCompile>
    <ClCompile Include="BOJ1005_위상 정렬_ACMcraft_200423.cpp">
      <Filter>소스 파일\위상 정렬</Filter>
    </ClCompile>
    <ClCompile Include="BOJ1766_위상 정렬_문제집_200424.cpp">
      <Filter>소스 파일\위상 정렬</Filter>
    </ClCompile>
    <ClCompile Include="BOJ2150_강한 연결 요소_제곧내_200428.cpp">
      <Filter>소스 파일\강한 연결 요소</Filter>
    </ClCompile>
    <ClCompile Include="BOJ4196_강한 연결 요소_도미노.cpp">
      <Filter>소스 파일\강한 연결 요소</Filter>
    </ClCompile>
    <ClCompile Include="BOJ6497_최소 스패닝 트리+강한 연결 요소_전력난_200501.cpp">
      <Filter>소스 파일\최소 스패닝 트리</Filter>
    </ClCompile>
    <ClCompile Include="BOJ2188_네트워크 플로우_축사 배정_200505.cpp">
      <Filter>소스 파일\네트워크 플로우</Filter>
    </ClCompile>
    <ClCompile Include="BOJ11376_이분 매칭_열혈강호2_200506.cpp">
      <Filter>소스 파일\네트워크 플로우\이분 매칭</Filter>
    </ClCompile>
    <ClCompile Include="BOJ6086_네트워크 플로우_최대 유량_200513.cpp">
      <Filter>소스 파일\네트워크 플로우\네트워크 플로우</Filter>
    </ClCompile>
    <ClCompile Include="BOJ5651_네트워크 플로우_완전 중요한 간선_200514.cpp">
      <Filter>소스 파일\네트워크 플로우\네트워크 플로우</Filter>
    </ClCompile>
    <ClCompile Include="BOJ1786_KMP_찾기_200519.cpp">
      <Filter>소스 파일\문자열 처리\KMP</Filter>
    </ClCompile>
    <ClCompile Include="BOJ1305_KMP_광고_200518.cpp">
      <Filter>소스 파일\문자열 처리\KMP</Filter>
    </ClCompile>
    <ClCompile Include="BOJ1152_문자열 처리_단어의 개수_200517.cpp">
      <Filter>소스 파일\문자열 처리</Filter>
    </ClCompile>
    <ClCompile Include="BOJ1701_KMP_Cubeditor_200520.cpp">
      <Filter>소스 파일\문자열 처리\KMP</Filter>
    </ClCompile>
    <ClCompile Include="BOJ10809_문자열 처리_알파벳 찾기_200522.cpp">
      <Filter>소스 파일\문자열 처리</Filter>
    </ClCompile>
    <ClCompile Include="BOJ1157_문자열 처리_단어공부_200523.cpp">
      <Filter>소스 파일\문자열 처리</Filter>
    </ClCompile>
    <ClCompile Include="BOJ2908_문자열 처리_상수_200525.cpp">
      <Filter>소스 파일\문자열 처리</Filter>
    </ClCompile>
    <ClCompile Include="BOJ5622_문자열 처리_다이얼_200527.cpp">
      <Filter>소스 파일\문자열 처리</Filter>
    </ClCompile>
    <ClCompile Include="BOJ_14225번_부분수열의_합.cpp">
      <Filter>소스 파일\비트마스크</Filter>
    </ClCompile>
    <ClCompile Include="BOJ_1062번_가르침.cpp">
      <Filter>소스 파일\비트마스크</Filter>
    </ClCompile>
    <ClCompile Include="BOJ_13460번_구슬 탈출 2.cpp">
      <Filter>소스 파일\비트마스크</Filter>
    </ClCompile>
    <ClCompile Include="CodeTest.cpp">
      <Filter>소스 파일</Filter>
    </ClCompile>
    <ClCompile Include="BOJ_1339_단어_수학.cpp">
      <Filter>소스 파일\그리디%28DFS,BFS포함%29</Filter>
    </ClCompile>
    <ClCompile Include="BOJ_14888_연산자 끼워넣기.cpp">
      <Filter>소스 파일\그리디%28DFS,BFS포함%29</Filter>
    </ClCompile>
  </ItemGroup>
</Project>