<?xml version="1.0" encoding="utf-8"?>
<Project ToolsVersion="4.0" xmlns="http://schemas.microsoft.com/developer/msbuild/2003">
  <ItemGroup>
    <Filter Include="소스 파일">
      <UniqueIdentifier>{4FC737F1-C7A5-4376-A066-2A32D752A2FF}</UniqueIdentifier>
      <Extensions>cpp;c;cc;cxx;def;odl;idl;hpj;bat;asm;asmx</Extensions>
    </Filter>
    <Filter Include="헤더 파일">
      <UniqueIdentifier>{93995380-89BD-4b04-88EB-625FBE52EBFB}</UniqueIdentifier>
      <Extensions>h;hh;hpp;hxx;hm;inl;inc;ipp;xsd</Extensions>
    </Filter>
    <Filter Include="리소스 파일">
      <UniqueIdentifier>{67DA6AB6-F800-4c08-8B7A-83BB121AAD01}</UniqueIdentifier>
      <Extensions>rc;ico;cur;bmp;dlg;rc2;rct;bin;rgs;gif;jpg;jpeg;jpe;resx;tiff;tif;png;wav;mfcribbon-ms</Extensions>
    </Filter>
    <Filter Include="소스 파일\이분 탐색">
      <UniqueIdentifier>{243d9c2c-c8a2-4636-a2ee-547ffebc003b}</UniqueIdentifier>
    </Filter>
  </ItemGroup>
  <ItemGroup>
    <ClCompile Include="BOJ_10989_수 정렬하기 3.cpp">
      <Filter>소스 파일</Filter>
    </ClCompile>
    <ClCompile Include="BOJ_1427_정렬(문자열처리).cpp">
      <Filter>소스 파일</Filter>
    </ClCompile>
    <ClCompile Include="BOJ_1026번 보물_정렬.cpp">
      <Filter>소스 파일</Filter>
    </ClCompile>
    <ClCompile Include="BOJ1920_FindNumber.cpp">
      <Filter>소스 파일\이분 탐색</Filter>
    </ClCompile>
    <ClCompile Include="BOJ1654_랜선 자르기_200331.cpp">
      <Filter>소스 파일\이분 탐색</Filter>
    </ClCompile>
    <ClCompile Include="BOJ1300_K번째 수_200331.cpp">
      <Filter>소스 파일\이분 탐색</Filter>
    </ClCompile>
    <ClCompile Include="BOJ12015_가장 긴 증가하는 수열 2.cpp">
      <Filter>소스 파일\이분 탐색</Filter>
    </ClCompile>
    <ClCompile Include="BOJ2110_공유기설치 200403.cpp">
      <Filter>소스 파일\이분 탐색</Filter>
    </ClCompile>
  </ItemGroup>
</Project>